Microsoft Visual Studio Solution File, Format Version 11.00
# Visual Studio 2008

Project("{B320952F-3FC8-2EE9-4230-61F998482D99}") = "RadarChatTest", "Assembly-CSharp.csproj", "{2D13AEE5-33A9-1ADB-1E3E-36BCEC851E62}"
EndProject
Project("{B320952F-3FC8-2EE9-4230-61F998482D99}") = "RadarChatTest", "Assembly-CSharp-Editor.csproj", "{22608683-9614-D613-F387-E3CC34251018}"
EndProject
Global
	GlobalSection(SolutionConfigurationPlatforms) = preSolution
		Debug|Any CPU = Debug|Any CPU
		Release|Any CPU = Release|Any CPU
	EndGlobalSection
	GlobalSection(ProjectConfigurationPlatforms) = postSolution
		{2D13AEE5-33A9-1ADB-1E3E-36BCEC851E62}.Debug|Any CPU.ActiveCfg = Debug|Any CPU
		{2D13AEE5-33A9-1ADB-1E3E-36BCEC851E62}.Debug|Any CPU.Build.0 = Debug|Any CPU
		{2D13AEE5-33A9-1ADB-1E3E-36BCEC851E62}.Release|Any CPU.ActiveCfg = Release|Any CPU
		{2D13AEE5-33A9-1ADB-1E3E-36BCEC851E62}.Release|Any CPU.Build.0 = Release|Any CPU
		{22608683-9614-D613-F387-E3CC34251018}.Debug|Any CPU.ActiveCfg = Debug|Any CPU
		{22608683-9614-D613-F387-E3CC34251018}.Debug|Any CPU.Build.0 = Debug|Any CPU
		{22608683-9614-D613-F387-E3CC34251018}.Release|Any CPU.ActiveCfg = Release|Any CPU
		{22608683-9614-D613-F387-E3CC34251018}.Release|Any CPU.Build.0 = Release|Any CPU
	EndGlobalSection
	GlobalSection(SolutionProperties) = preSolution
		HideSolutionNode = FALSE
	EndGlobalSection
	GlobalSection(MonoDevelopProperties) = preSolution
		StartupItem = Assembly-CSharp.csproj
	EndGlobalSection
EndGlobal
